
Microsoft Visual Studio Solution File, Format Version 12.00
# Visual Studio Version 16
VisualStudioVersion = 16.0.32228.343
MinimumVisualStudioVersion = 10.0.40219.1
Project("{FAE04EC0-301F-11D3-BF4B-00C04F79EFBC}") = "JokesWebApp", "WebApplication1\JokesWebApp.csproj", "{AC3D3646-B9BB-4BF3-ABA5-095192442B9F}"
EndProject
Global
	GlobalSection(SolutionConfigurationPlatforms) = preSolution
		Debug|Any CPU = Debug|Any CPU
		Release|Any CPU = Release|Any CPU
	EndGlobalSection
	GlobalSection(ProjectConfigurationPlatforms) = postSolution
		{AC3D3646-B9BB-4BF3-ABA5-095192442B9F}.Debug|Any CPU.ActiveCfg = Debug|Any CPU
		{AC3D3646-B9BB-4BF3-ABA5-095192442B9F}.Debug|Any CPU.Build.0 = Debug|Any CPU
		{AC3D3646-B9BB-4BF3-ABA5-095192442B9F}.Release|Any CPU.ActiveCfg = Release|Any CPU
		{AC3D3646-B9BB-4BF3-ABA5-095192442B9F}.Release|Any CPU.Build.0 = Release|Any CPU
	EndGlobalSection
	GlobalSection(SolutionProperties) = preSolution
		HideSolutionNode = FALSE
	EndGlobalSection
	GlobalSection(ExtensibilityGlobals) = postSolution
		SolutionGuid = {9BB2F2CE-3BF4-4002-B394-924E8A493AFA}
	EndGlobalSection
EndGlobal
